
Microsoft Visual Studio Solution File, Format Version 12.00
# Visual Studio Version 16
VisualStudioVersion = 16.0.30002.166
MinimumVisualStudioVersion = 10.0.40219.1
Project("{FAE04EC0-301F-11D3-BF4B-00C04F79EFBC}") = "Programa_Assistencia_Tecnica", "Programa_Assistencia_Tecnica\Programa_Assistencia_Tecnica.csproj", "{A9514E10-1057-4CD1-ABAC-92C410F7DAB4}"
EndProject
Global
	GlobalSection(SolutionConfigurationPlatforms) = preSolution
		Debug|Any CPU = Debug|Any CPU
		Release|Any CPU = Release|Any CPU
	EndGlobalSection
	GlobalSection(ProjectConfigurationPlatforms) = postSolution
		{A9514E10-1057-4CD1-ABAC-92C410F7DAB4}.Debug|Any CPU.ActiveCfg = Debug|Any CPU
		{A9514E10-1057-4CD1-ABAC-92C410F7DAB4}.Debug|Any CPU.Build.0 = Debug|Any CPU
		{A9514E10-1057-4CD1-ABAC-92C410F7DAB4}.Release|Any CPU.ActiveCfg = Release|Any CPU
		{A9514E10-1057-4CD1-ABAC-92C410F7DAB4}.Release|Any CPU.Build.0 = Release|Any CPU
	EndGlobalSection
	GlobalSection(SolutionProperties) = preSolution
		HideSolutionNode = FALSE
	EndGlobalSection
	GlobalSection(ExtensibilityGlobals) = postSolution
		SolutionGuid = {626C5A2E-F1B3-4980-BCAB-32AA9A820E58}
	EndGlobalSection
EndGlobal
